{
  "name": "v-utils",
  "version": "1.0.0",
  "lockfileVersion": 1,
  "requires": true,
  "dependencies": {
    "outils": {
      "version": "1.5.0",
      "resolved": "http://registry.npm.taobao.org/outils/download/outils-1.5.0.tgz",
      "integrity": "sha1-kwprLLBUQJiqEYv7ZEYlQ3ey9OY=",
      "dev": true
    }
  }
}
